{
  "version": 4,
  "terraform_version": "1.15.8",
  "serial": 6,
  "lineage": "2251b5f4-c6fb-a9b9-f070-b4fc5e9a592d",
  "outputs": {
    "cloudwatch_log_group": {
      "value": "/ai-sentinel/production",
      "type": "string"
    },
    "s3_bucket_name": {
      "value": "ai-sentinel-logs-255330795873",
      "type": "string"
    }
  },
  "resources": [
    {
      "mode": "managed",
      "type": "aws_cloudwatch_log_group",
      "name": "sentinel",
      "provider": "provider[\"registry.terraform.io/hashicorp/aws\"]",
      "instances": [
        {
          "schema_version": 0,
          "attributes": {
            "arn": "arn:aws:logs:ap-south-1:255330795873:log-group:/ai-sentinel/production",
            "id": "/ai-sentinel/production",
            "kms_key_id": "",
            "log_group_class": "STANDARD",
            "name": "/ai-sentinel/production",
            "name_prefix": "",
            "retention_in_days": 30,
            "skip_destroy": false,
            "tags": {
              "Environment": "production",
              "Project": "ai-sentinel"
            },
            "tags_all": {
              "Environment": "production",
              "Project": "ai-sentinel"
            }
          },
          "sensitive_attributes": [],
          "identity_schema_version": 0,
          "private": "bnVsbA=="
        }
      ]
    },
    {
      "mode": "managed",
      "type": "aws_cloudwatch_metric_alarm",
      "name": "high_spend",
      "provider": "provider[\"registry.terraform.io/hashicorp/aws\"]",
      "instances": [
        {
          "schema_version": 1,
          "attributes": {
            "actions_enabled": true,
            "alarm_actions": null,
            "alarm_description": "AI spend exceeded $4 — approaching budget limit",
            "alarm_name": "ai-sentinel-high-spend",
            "arn": "arn:aws:cloudwatch:ap-south-1:255330795873:alarm:ai-sentinel-high-spend",
            "comparison_operator": "GreaterThanThreshold",
            "datapoints_to_alarm": 0,
            "dimensions": {
              "Environment": "production"
            },
            "evaluate_low_sample_count_percentiles": "",
            "evaluation_periods": 1,
            "extended_statistic": "",
            "id": "ai-sentinel-high-spend",
            "insufficient_data_actions": null,
            "metric_name": "TotalSpend",
            "metric_query": [],
            "namespace": "AISentinel",
            "ok_actions": null,
            "period": 300,
            "statistic": "Sum",
            "tags": {
              "Project": "ai-sentinel"
            },
            "tags_all": {
              "Project": "ai-sentinel"
            },
            "threshold": 4,
            "threshold_metric_id": "",
            "treat_missing_data": "missing",
            "unit": ""
          },
          "sensitive_attributes": [],
          "identity_schema_version": 0,
          "private": "eyJzY2hlbWFfdmVyc2lvbiI6IjEifQ=="
        }
      ]
    },
    {
      "mode": "managed",
      "type": "aws_cloudwatch_metric_alarm",
      "name": "kill_switch",
      "provider": "provider[\"registry.terraform.io/hashicorp/aws\"]",
      "instances": [
        {
          "schema_version": 1,
          "attributes": {
            "actions_enabled": true,
            "alarm_actions": null,
            "alarm_description": "AI Sentinel kill switch has been activated!",
            "alarm_name": "ai-sentinel-kill-switch",
            "arn": "arn:aws:cloudwatch:ap-south-1:255330795873:alarm:ai-sentinel-kill-switch",
            "comparison_operator": "GreaterThanThreshold",
            "datapoints_to_alarm": 0,
            "dimensions": {
              "Environment": "production"
            },
            "evaluate_low_sample_count_percentiles": "",
            "evaluation_periods": 1,
            "extended_statistic": "",
            "id": "ai-sentinel-kill-switch",
            "insufficient_data_actions": null,
            "metric_name": "KillSwitchActivated",
            "metric_query": [],
            "namespace": "AISentinel",
            "ok_actions": null,
            "period": 60,
            "statistic": "Sum",
            "tags": {
              "Project": "ai-sentinel"
            },
            "tags_all": {
              "Project": "ai-sentinel"
            },
            "threshold": 0,
            "threshold_metric_id": "",
            "treat_missing_data": "missing",
            "unit": ""
          },
          "sensitive_attributes": [],
          "identity_schema_version": 0,
          "private": "eyJzY2hlbWFfdmVyc2lvbiI6IjEifQ=="
        }
      ]
    },
    {
      "mode": "managed",
      "type": "aws_s3_bucket",
      "name": "sentinel_logs",
      "provider": "provider[\"registry.terraform.io/hashicorp/aws\"]",
      "instances": [
        {
          "schema_version": 0,
          "attributes": {
            "acceleration_status": "",
            "acl": null,
            "arn": "arn:aws:s3:::ai-sentinel-logs-255330795873",
            "bucket": "ai-sentinel-logs-255330795873",
            "bucket_domain_name": "ai-sentinel-logs-255330795873.s3.amazonaws.com",
            "bucket_prefix": "",
            "bucket_regional_domain_name": "ai-sentinel-logs-255330795873.s3.ap-south-1.amazonaws.com",
            "cors_rule": [],
            "force_destroy": false,
            "grant": [
              {
                "id": "af9a002c37b2644bfc4840e8a4e6966d1862372136dc78f7f3a0ca3244eb9bd0",
                "permissions": [
                  "FULL_CONTROL"
                ],
                "type": "CanonicalUser",
                "uri": ""
              }
            ],
            "hosted_zone_id": "Z11RGJOFQNVJUP",
            "id": "ai-sentinel-logs-255330795873",
            "lifecycle_rule": [],
            "logging": [],
            "object_lock_configuration": [],
            "object_lock_enabled": false,
            "policy": "",
            "region": "ap-south-1",
            "replication_configuration": [],
            "request_payer": "BucketOwner",
            "server_side_encryption_configuration": [
              {
                "rule": [
                  {
                    "apply_server_side_encryption_by_default": [
                      {
                        "kms_master_key_id": "",
                        "sse_algorithm": "AES256"
                      }
                    ],
                    "bucket_key_enabled": false
                  }
                ]
              }
            ],
            "tags": {
              "Environment": "production",
              "Name": "AI Sentinel Logs",
              "Project": "ai-sentinel"
            },
            "tags_all": {
              "Environment": "production",
              "Name": "AI Sentinel Logs",
              "Project": "ai-sentinel"
            },
            "timeouts": null,
            "versioning": [
              {
                "enabled": false,
                "mfa_delete": false
              }
            ],
            "website": [],
            "website_domain": null,
            "website_endpoint": null
          },
          "sensitive_attributes": [],
          "identity_schema_version": 0,
          "private": "eyJlMmJmYjczMC1lY2FhLTExZTYtOGY4OC0zNDM2M2JjN2M0YzAiOnsiY3JlYXRlIjoxMjAwMDAwMDAwMDAwLCJkZWxldGUiOjM2MDAwMDAwMDAwMDAsInJlYWQiOjEyMDAwMDAwMDAwMDAsInVwZGF0ZSI6MTIwMDAwMDAwMDAwMH19"
        }
      ]
    },
    {
      "mode": "managed",
      "type": "aws_s3_bucket_versioning",
      "name": "sentinel_logs",
      "provider": "provider[\"registry.terraform.io/hashicorp/aws\"]",
      "instances": [
        {
          "schema_version": 0,
          "attributes": {
            "bucket": "ai-sentinel-logs-255330795873",
            "expected_bucket_owner": "",
            "id": "ai-sentinel-logs-255330795873",
            "mfa": null,
            "versioning_configuration": [
              {
                "mfa_delete": "",
                "status": "Enabled"
              }
            ]
          },
          "sensitive_attributes": [],
          "identity_schema_version": 0,
          "private": "bnVsbA==",
          "dependencies": [
            "aws_s3_bucket.sentinel_logs"
          ]
        }
      ]
    }
  ],
  "check_results": null
}
